lockfileVersion: '9.0'

settings:
  autoInstallPeers: true
  excludeLinksFromLockfile: false

importers:

  .:
    dependencies:
      '@unocss/autocomplete':
        specifier: ^66.1.0-beta.5
        version: 66.1.0-beta.6
      '@unocss/config':
        specifier: ^66.1.0-beta.5
        version: 66.1.0-beta.6
      '@unocss/core':
        specifier: ^66.1.0-beta.5
        version: 66.1.0-beta.6
      '@unocss/extractor-arbitrary-variants':
        specifier: ^66.1.0-beta.5
        version: 66.1.0-beta.6
      '@unocss/preset-wind3':
        specifier: ^66.1.0-beta.5
        version: 66.1.0-beta.6
      color-rgba:
        specifier: ^3.0.0
        version: 3.0.0
      magic-string:
        specifier: ^0.30.17
        version: 0.30.17
      unconfig:
        specifier: ^7.3.1
        version: 7.3.1
      vscode-languageserver:
        specifier: ^9.0.1
        version: 9.0.1
      vscode-languageserver-textdocument:
        specifier: ^1.0.12
        version: 1.0.12
    devDependencies:
      '@types/node':
        specifier: ^22.13.10
        version: 22.13.10
      typescript:
        specifier: ^5.8.2
        version: 5.8.2

packages:

  '@jridgewell/sourcemap-codec@1.5.0':
    resolution: {integrity: sha512-gv3ZRaISU3fjPAgNsriBRqGWQL6quFx04YMPW/zD8XMLsU32mhCCbfbO6KZFLjvYpCZ8zyDEgqsgf+PwPaM7GQ==}

  '@quansync/fs@0.1.1':
    resolution: {integrity: sha512-sx8J1O/+j2lqs8MvsEz6rs/6UAUpCb4fu7C6EqtMqzbS3CmqLkTDTOMK+DrWukvyUuHzl8DhMjfNJzQDTqfGJg==}
    engines: {node: '>=20.18.0'}

  '@types/node@22.13.10':
    resolution: {integrity: sha512-I6LPUvlRH+O6VRUqYOcMudhaIdUVWfsjnZavnsraHvpBwaEyMN29ry+0UVJhImYL16xsscu0aske3yA+uPOWfw==}

  '@unocss/autocomplete@66.1.0-beta.6':
    resolution: {integrity: sha512-G/Ww+t+YDsQNjjjH8Qew1kGrQFnmc0GsglTj8nHdkNR+ZGVK+I6+qIDR1meTgJEZ4iqoeH3agBbDr+jaakuocg==}

  '@unocss/config@66.1.0-beta.6':
    resolution: {integrity: sha512-jLAxHSgMCEhIjCwOwfENtFM3gevU4QDQeaG4VVEYGFJ/oj27JJrl/j6HlUBdhFiR0Q7yf6QFCXlKTP/+put0/Q==}
    engines: {node: '>=14'}

  '@unocss/core@66.1.0-beta.6':
    resolution: {integrity: sha512-TQLxpBZPl6m4HhS6/FMr0Vbn22tGWgbGPyfJyjTSYY/LTug42aIUPnTQnqFSRwGiUnBfp3+oAhG/t/lZ6U74tw==}

  '@unocss/extractor-arbitrary-variants@66.1.0-beta.6':
    resolution: {integrity: sha512-jUI5Ncppngy8NKv8p9ubUi0FAw6Vcrx7hC7aWaqEFdfA2cDGpR5XHyWJozkT7BbfZs+SnA76b6qwuEtcXwYTAg==}

  '@unocss/preset-mini@66.1.0-beta.6':
    resolution: {integrity: sha512-MoF32nio5jzKi40VOeOU4k2uZvYUm2GKIxTRZ8C8mb7bFFphoMQD0/Pfr9oWpNC7jl7msuKt8i4xUknK5GAVDQ==}

  '@unocss/preset-wind3@66.1.0-beta.6':
    resolution: {integrity: sha512-AWLf5bT/tjXao5BIdgeDG/XxQoRKvh+G7DQGzJJe4vkOv8QK7QHG8LuqaadEkLTgTY1DaIXshK9d7+E/fFAcFw==}

  '@unocss/rule-utils@66.1.0-beta.6':
    resolution: {integrity: sha512-9RxYUGq96Ro+5XbevFlzKKwtROIv9c6VZbG+i34pMaw8ALFsCj34iGFvBs4ohTf03XkCCyMlr2f2KdFc9cj/Sw==}
    engines: {node: '>=14'}

  color-name@2.0.0:
    resolution: {integrity: sha512-SbtvAMWvASO5TE2QP07jHBMXKafgdZz8Vrsrn96fiL+O92/FN/PLARzUW5sKt013fjAprK2d2iCn2hk2Xb5oow==}
    engines: {node: '>=12.20'}

  color-parse@2.0.2:
    resolution: {integrity: sha512-eCtOz5w5ttWIUcaKLiktF+DxZO1R9KLNY/xhbV6CkhM7sR3GhVghmt6X6yOnzeaM24po+Z9/S1apbXMwA3Iepw==}

  color-rgba@3.0.0:
    resolution: {integrity: sha512-PPwZYkEY3M2THEHHV6Y95sGUie77S7X8v+h1r6LSAPF3/LL2xJ8duUXSrkic31Nzc4odPwHgUbiX/XuTYzQHQg==}

  color-space@2.0.1:
    resolution: {integrity: sha512-nKqUYlo0vZATVOFHY810BSYjmCARrG7e5R3UE3CQlyjJTvv5kSSmPG1kzm/oDyyqjehM+lW1RnEt9It9GNa5JA==}

  defu@6.1.4:
    resolution: {integrity: sha512-mEQCMmwJu317oSz8CwdIOdwf3xMif1ttiM8LTufzc3g6kR+9Pe236twL8j3IYT1F7GfRgGcW6MWxzZjLIkuHIg==}

  fzf@0.5.2:
    resolution: {integrity: sha512-Tt4kuxLXFKHy8KT40zwsUPUkg1CrsgY25FxA2U/j/0WgEDCk3ddc/zLTCCcbSHX9FcKtLuVaDGtGE/STWC+j3Q==}

  jiti@2.4.2:
    resolution: {integrity: sha512-rg9zJN+G4n2nfJl5MW3BMygZX56zKPNVEYYqq7adpmMh4Jn2QNEwhvQlFy6jPVdcod7txZtKHWnyZiA3a0zP7A==}
    hasBin: true

  lru-cache@11.0.2:
    resolution: {integrity: sha512-123qHRfJBmo2jXDbo/a5YOQrJoHF/GNQTLzQ5+IdK5pWpceK17yRc6ozlWd25FxvGKQbIUs91fDFkXmDHTKcyA==}
    engines: {node: 20 || >=22}

  magic-string@0.30.17:
    resolution: {integrity: sha512-sNPKHvyjVf7gyjwS4xGTaW/mCnF8wnjtifKBEhxfZ7E/S8tQ0rssrwGNn6q8JH/ohItJfSQp9mBtQYuTlH5QnA==}

  quansync@0.2.8:
    resolution: {integrity: sha512-4+saucphJMazjt7iOM27mbFCk+D9dd/zmgMDCzRZ8MEoBfYp7lAvoN38et/phRQF6wOPMy/OROBGgoWeSKyluA==}

  typescript@5.8.2:
    resolution: {integrity: sha512-aJn6wq13/afZp/jT9QZmwEjDqqvSGp1VT5GVg+f/t6/oVyrgXM6BY1h9BRh/O5p3PlUPAe+WuiEZOmb/49RqoQ==}
    engines: {node: '>=14.17'}
    hasBin: true

  unconfig@7.3.1:
    resolution: {integrity: sha512-LH5WL+un92tGAzWS87k7LkAfwpMdm7V0IXG2FxEjZz/QxiIW5J5LkcrKQThj0aRz6+h/lFmKI9EUXmK/T0bcrw==}

  undici-types@6.20.0:
    resolution: {integrity: sha512-Ny6QZ2Nju20vw1SRHe3d9jVu6gJ+4e3+MMpqu7pqE5HT6WsTSlce++GQmK5UXS8mzV8DSYHrQH+Xrf2jVcuKNg==}

  vscode-jsonrpc@8.2.0:
    resolution: {integrity: sha512-C+r0eKJUIfiDIfwJhria30+TYWPtuHJXHtI7J0YlOmKAo7ogxP20T0zxB7HZQIFhIyvoBPwWskjxrvAtfjyZfA==}
    engines: {node: '>=14.0.0'}

  vscode-languageserver-protocol@3.17.5:
    resolution: {integrity: sha512-mb1bvRJN8SVznADSGWM9u/b07H7Ecg0I3OgXDuLdn307rl/J3A9YD6/eYOssqhecL27hK1IPZAsaqh00i/Jljg==}

  vscode-languageserver-textdocument@1.0.12:
    resolution: {integrity: sha512-cxWNPesCnQCcMPeenjKKsOCKQZ/L6Tv19DTRIGuLWe32lyzWhihGVJ/rcckZXJxfdKCFvRLS3fpBIsV/ZGX4zA==}

  vscode-languageserver-types@3.17.5:
    resolution: {integrity: sha512-Ld1VelNuX9pdF39h2Hgaeb5hEZM2Z3jUrrMgWQAu82jMtZp7p3vJT3BzToKtZI7NgQssZje5o0zryOrhQvzQAg==}

  vscode-languageserver@9.0.1:
    resolution: {integrity: sha512-woByF3PDpkHFUreUa7Hos7+pUWdeWMXRd26+ZX2A8cFx6v/JPTtd4/uN0/jB6XQHYaOlHbio03NTHCqrgG5n7g==}
    hasBin: true

snapshots:

  '@jridgewell/sourcemap-codec@1.5.0': {}

  '@quansync/fs@0.1.1':
    dependencies:
      quansync: 0.2.8

  '@types/node@22.13.10':
    dependencies:
      undici-types: 6.20.0

  '@unocss/autocomplete@66.1.0-beta.6':
    dependencies:
      fzf: 0.5.2
      lru-cache: 11.0.2

  '@unocss/config@66.1.0-beta.6':
    dependencies:
      '@unocss/core': 66.1.0-beta.6
      unconfig: 7.3.1

  '@unocss/core@66.1.0-beta.6': {}

  '@unocss/extractor-arbitrary-variants@66.1.0-beta.6':
    dependencies:
      '@unocss/core': 66.1.0-beta.6

  '@unocss/preset-mini@66.1.0-beta.6':
    dependencies:
      '@unocss/core': 66.1.0-beta.6
      '@unocss/extractor-arbitrary-variants': 66.1.0-beta.6
      '@unocss/rule-utils': 66.1.0-beta.6

  '@unocss/preset-wind3@66.1.0-beta.6':
    dependencies:
      '@unocss/core': 66.1.0-beta.6
      '@unocss/preset-mini': 66.1.0-beta.6
      '@unocss/rule-utils': 66.1.0-beta.6

  '@unocss/rule-utils@66.1.0-beta.6':
    dependencies:
      '@unocss/core': 66.1.0-beta.6
      magic-string: 0.30.17

  color-name@2.0.0: {}

  color-parse@2.0.2:
    dependencies:
      color-name: 2.0.0

  color-rgba@3.0.0:
    dependencies:
      color-parse: 2.0.2
      color-space: 2.0.1

  color-space@2.0.1: {}

  defu@6.1.4: {}

  fzf@0.5.2: {}

  jiti@2.4.2: {}

  lru-cache@11.0.2: {}

  magic-string@0.30.17:
    dependencies:
      '@jridgewell/sourcemap-codec': 1.5.0

  quansync@0.2.8: {}

  typescript@5.8.2: {}

  unconfig@7.3.1:
    dependencies:
      '@quansync/fs': 0.1.1
      defu: 6.1.4
      jiti: 2.4.2
      quansync: 0.2.8

  undici-types@6.20.0: {}

  vscode-jsonrpc@8.2.0: {}

  vscode-languageserver-protocol@3.17.5:
    dependencies:
      vscode-jsonrpc: 8.2.0
      vscode-languageserver-types: 3.17.5

  vscode-languageserver-textdocument@1.0.12: {}

  vscode-languageserver-types@3.17.5: {}

  vscode-languageserver@9.0.1:
    dependencies:
      vscode-languageserver-protocol: 3.17.5
