lockfileVersion: '9.0'

settings:
  autoInstallPeers: true
  excludeLinksFromLockfile: false

importers:

  .:
    dependencies:
      '@unocss/autocomplete':
        specifier: ^66.5.3
        version: 66.5.3
      '@unocss/config':
        specifier: ^66.5.3
        version: 66.5.3
      '@unocss/core':
        specifier: ^66.5.3
        version: 66.5.3
      '@unocss/extractor-arbitrary-variants':
        specifier: ^66.5.3
        version: 66.5.3
      '@unocss/preset-wind3':
        specifier: ^66.5.3
        version: 66.5.3
      color-rgba:
        specifier: ^3.0.0
        version: 3.0.0
      magic-string:
        specifier: ^0.30.19
        version: 0.30.19
      unconfig:
        specifier: ^7.3.3
        version: 7.3.3
      vscode-languageserver:
        specifier: ^9.0.1
        version: 9.0.1
      vscode-languageserver-textdocument:
        specifier: ^1.0.12
        version: 1.0.12
    devDependencies:
      '@types/node':
        specifier: ^24.7.1
        version: 24.7.1
      typescript:
        specifier: ^5.9.3
        version: 5.9.3

packages:

  '@jridgewell/sourcemap-codec@1.5.5':
    resolution: {integrity: sha512-cYQ9310grqxueWbl+WuIUIaiUaDcj7WOq5fVhEljNVgRfOUhY9fy2zTvfoqWsnebh8Sl70VScFbICvJnLKB0Og==}

  '@quansync/fs@0.1.5':
    resolution: {integrity: sha512-lNS9hL2aS2NZgNW7BBj+6EBl4rOf8l+tQ0eRY6JWCI8jI2kc53gSoqbjojU0OnAWhzoXiOjFyGsHcDGePB3lhA==}

  '@types/node@24.7.1':
    resolution: {integrity: sha512-CmyhGZanP88uuC5GpWU9q+fI61j2SkhO3UGMUdfYRE6Bcy0ccyzn1Rqj9YAB/ZY4kOXmNf0ocah5GtphmLMP6Q==}

  '@unocss/autocomplete@66.5.3':
    resolution: {integrity: sha512-Kq0MqGhT2OdEqR4wUgMeWi5caudaTAouwySfWmKpSfwEtcm0N9pj1Ag2Nm69+eJ0s992LzrBzWTorjIU/KhzFw==}

  '@unocss/config@66.5.3':
    resolution: {integrity: sha512-3hFmw5V8YOG2y6YHSxg/N/BVH3FKaxFUOMdVa48FB0ACKaTmWuBiJ4jVZuuWsNycuXbTodlFRWT84JxMLIrepQ==}
    engines: {node: '>=14'}

  '@unocss/core@66.5.3':
    resolution: {integrity: sha512-sGGBgtIfH3Ch7syIzJvA86iIVhSjfGThHBSDA0kFgGTBiYv2VBaUq0UpDfeMpda3LSg59LfEL5Fqa9kUqju5xQ==}

  '@unocss/extractor-arbitrary-variants@66.5.3':
    resolution: {integrity: sha512-QBJCCBFfNOyVlXeDh0h1K2ZvreS5UAbPg+EUPngIIT9hVHIeKatXfCpeMYYt5ZmFZbqX3Zf4MKdguxbGZU9xHQ==}

  '@unocss/preset-mini@66.5.3':
    resolution: {integrity: sha512-0WnC4zuyJP3jQQFxFKG7MRUJW5AipdO15yHIkPPWzwNjDSlIcsjhr08v8BJxSFpOsr+XOEgqC3EnHn+CWkv3lg==}

  '@unocss/preset-wind3@66.5.3':
    resolution: {integrity: sha512-AEgidZkpdCFKjXmCUSJgucxz/IqT4atLUQiq8x8fEKSuPo8rH2CtmO4Bllt9uJMS3GrGNqyrtPixjz5mknC0ZQ==}

  '@unocss/rule-utils@66.5.3':
    resolution: {integrity: sha512-3aDxWw3fBjA2hldu5r126Dxl10nP/1dEx+fetiWEGT6X4J9dvJgNAGAJOVZeKv6tSfhqLyFsRV/cSbApYItCYw==}
    engines: {node: '>=14'}

  color-name@2.0.2:
    resolution: {integrity: sha512-9vEt7gE16EW7Eu7pvZnR0abW9z6ufzhXxGXZEVU9IqPdlsUiMwJeJfRtq0zePUmnbHGT9zajca7mX8zgoayo4A==}
    engines: {node: '>=12.20'}

  color-parse@2.0.2:
    resolution: {integrity: sha512-eCtOz5w5ttWIUcaKLiktF+DxZO1R9KLNY/xhbV6CkhM7sR3GhVghmt6X6yOnzeaM24po+Z9/S1apbXMwA3Iepw==}

  color-rgba@3.0.0:
    resolution: {integrity: sha512-PPwZYkEY3M2THEHHV6Y95sGUie77S7X8v+h1r6LSAPF3/LL2xJ8duUXSrkic31Nzc4odPwHgUbiX/XuTYzQHQg==}

  color-space@2.3.2:
    resolution: {integrity: sha512-BcKnbOEsOarCwyoLstcoEztwT0IJxqqQkNwDuA3a65sICvvHL2yoeV13psoDFh5IuiOMnIOKdQDwB4Mk3BypiA==}

  defu@6.1.4:
    resolution: {integrity: sha512-mEQCMmwJu317oSz8CwdIOdwf3xMif1ttiM8LTufzc3g6kR+9Pe236twL8j3IYT1F7GfRgGcW6MWxzZjLIkuHIg==}

  fzf@0.5.2:
    resolution: {integrity: sha512-Tt4kuxLXFKHy8KT40zwsUPUkg1CrsgY25FxA2U/j/0WgEDCk3ddc/zLTCCcbSHX9FcKtLuVaDGtGE/STWC+j3Q==}

  jiti@2.6.1:
    resolution: {integrity: sha512-ekilCSN1jwRvIbgeg/57YFh8qQDNbwDb9xT/qu2DAHbFFZUicIl4ygVaAvzveMhMVr3LnpSKTNnwt8PoOfmKhQ==}
    hasBin: true

  lru-cache@11.2.2:
    resolution: {integrity: sha512-F9ODfyqML2coTIsQpSkRHnLSZMtkU8Q+mSfcaIyKwy58u+8k5nvAYeiNhsyMARvzNcXJ9QfWVrcPsC9e9rAxtg==}
    engines: {node: 20 || >=22}

  magic-string@0.30.19:
    resolution: {integrity: sha512-2N21sPY9Ws53PZvsEpVtNuSW+ScYbQdp4b9qUaL+9QkHUrGFKo56Lg9Emg5s9V/qrtNBmiR01sYhUOwu3H+VOw==}

  quansync@0.2.11:
    resolution: {integrity: sha512-AifT7QEbW9Nri4tAwR5M/uzpBuqfZf+zwaEM/QkzEjj7NBuFD2rBuy0K3dE+8wltbezDV7JMA0WfnCPYRSYbXA==}

  typescript@5.9.3:
    resolution: {integrity: sha512-jl1vZzPDinLr9eUt3J/t7V6FgNEw9QjvBPdysz9KfQDD41fQrC2Y4vKQdiaUpFT4bXlb1RHhLpp8wtm6M5TgSw==}
    engines: {node: '>=14.17'}
    hasBin: true

  unconfig@7.3.3:
    resolution: {integrity: sha512-QCkQoOnJF8L107gxfHL0uavn7WD9b3dpBcFX6HtfQYmjw2YzWxGuFQ0N0J6tE9oguCBJn9KOvfqYDCMPHIZrBA==}

  undici-types@7.14.0:
    resolution: {integrity: sha512-QQiYxHuyZ9gQUIrmPo3IA+hUl4KYk8uSA7cHrcKd/l3p1OTpZcM0Tbp9x7FAtXdAYhlasd60ncPpgu6ihG6TOA==}

  vscode-jsonrpc@8.2.0:
    resolution: {integrity: sha512-C+r0eKJUIfiDIfwJhria30+TYWPtuHJXHtI7J0YlOmKAo7ogxP20T0zxB7HZQIFhIyvoBPwWskjxrvAtfjyZfA==}
    engines: {node: '>=14.0.0'}

  vscode-languageserver-protocol@3.17.5:
    resolution: {integrity: sha512-mb1bvRJN8SVznADSGWM9u/b07H7Ecg0I3OgXDuLdn307rl/J3A9YD6/eYOssqhecL27hK1IPZAsaqh00i/Jljg==}

  vscode-languageserver-textdocument@1.0.12:
    resolution: {integrity: sha512-cxWNPesCnQCcMPeenjKKsOCKQZ/L6Tv19DTRIGuLWe32lyzWhihGVJ/rcckZXJxfdKCFvRLS3fpBIsV/ZGX4zA==}

  vscode-languageserver-types@3.17.5:
    resolution: {integrity: sha512-Ld1VelNuX9pdF39h2Hgaeb5hEZM2Z3jUrrMgWQAu82jMtZp7p3vJT3BzToKtZI7NgQssZje5o0zryOrhQvzQAg==}

  vscode-languageserver@9.0.1:
    resolution: {integrity: sha512-woByF3PDpkHFUreUa7Hos7+pUWdeWMXRd26+ZX2A8cFx6v/JPTtd4/uN0/jB6XQHYaOlHbio03NTHCqrgG5n7g==}
    hasBin: true

snapshots:

  '@jridgewell/sourcemap-codec@1.5.5': {}

  '@quansync/fs@0.1.5':
    dependencies:
      quansync: 0.2.11

  '@types/node@24.7.1':
    dependencies:
      undici-types: 7.14.0

  '@unocss/autocomplete@66.5.3':
    dependencies:
      fzf: 0.5.2
      lru-cache: 11.2.2

  '@unocss/config@66.5.3':
    dependencies:
      '@unocss/core': 66.5.3
      unconfig: 7.3.3

  '@unocss/core@66.5.3': {}

  '@unocss/extractor-arbitrary-variants@66.5.3':
    dependencies:
      '@unocss/core': 66.5.3

  '@unocss/preset-mini@66.5.3':
    dependencies:
      '@unocss/core': 66.5.3
      '@unocss/extractor-arbitrary-variants': 66.5.3
      '@unocss/rule-utils': 66.5.3

  '@unocss/preset-wind3@66.5.3':
    dependencies:
      '@unocss/core': 66.5.3
      '@unocss/preset-mini': 66.5.3
      '@unocss/rule-utils': 66.5.3

  '@unocss/rule-utils@66.5.3':
    dependencies:
      '@unocss/core': 66.5.3
      magic-string: 0.30.19

  color-name@2.0.2: {}

  color-parse@2.0.2:
    dependencies:
      color-name: 2.0.2

  color-rgba@3.0.0:
    dependencies:
      color-parse: 2.0.2
      color-space: 2.3.2

  color-space@2.3.2: {}

  defu@6.1.4: {}

  fzf@0.5.2: {}

  jiti@2.6.1: {}

  lru-cache@11.2.2: {}

  magic-string@0.30.19:
    dependencies:
      '@jridgewell/sourcemap-codec': 1.5.5

  quansync@0.2.11: {}

  typescript@5.9.3: {}

  unconfig@7.3.3:
    dependencies:
      '@quansync/fs': 0.1.5
      defu: 6.1.4
      jiti: 2.6.1
      quansync: 0.2.11

  undici-types@7.14.0: {}

  vscode-jsonrpc@8.2.0: {}

  vscode-languageserver-protocol@3.17.5:
    dependencies:
      vscode-jsonrpc: 8.2.0
      vscode-languageserver-types: 3.17.5

  vscode-languageserver-textdocument@1.0.12: {}

  vscode-languageserver-types@3.17.5: {}

  vscode-languageserver@9.0.1:
    dependencies:
      vscode-languageserver-protocol: 3.17.5
